// !$*UTF8*$!
{
	archiveVersion = 1;
	classes = {
	};
	objectVersion = 46;
	objects = {

/* Begin PBXBuildFile section */
		3B1444FF17ECCEA500A5784D /* cJSON.c in Sources */ = {isa = PBXBuildFile; fileRef = 3B1444FC17ECCEA500A5784D /* cJSON.c */; };
		3B14450017ECCEA500A5784D /* cJSON.h in Headers */ = {isa = PBXBuildFile; fileRef = 3B1444FD17ECCEA500A5784D /* cJSON.h */; };
		3B14450117ECCEA500A5784D /* test.c in Sources */ = {isa = PBXBuildFile; fileRef = 3B1444FE17ECCEA500A5784D /* test.c */; };
		3B204AB617DFD1D400C9AB99 /* hex.h in Headers */ = {isa = PBXBuildFile; fileRef = 3B204AB517DFD1D400C9AB99 /* hex.h */; };
		3B204AB917DFD1DD00C9AB99 /* hex.c in Sources */ = {isa = PBXBuildFile; fileRef = 3B204AB817DFD1DD00C9AB99 /* hex.c */; };
		3B4EC5CD17CAA82400B254EB /* ot.h in Headers */ = {isa = PBXBuildFile; fileRef = 3B4EC5BF17CAA82400B254EB /* ot.h */; };
		3B4EC5CE17CAA82400B254EB /* ot.c in Sources */ = {isa = PBXBuildFile; fileRef = 3B4EC5C017CAA82400B254EB /* ot.c */; };
		3B4EC5CF17CAA82400B254EB /* client.c in Sources */ = {isa = PBXBuildFile; fileRef = 3B4EC5C117CAA82400B254EB /* client.c */; };
		3B4EC5D017CAA82400B254EB /* client.h in Headers */ = {isa = PBXBuildFile; fileRef = 3B4EC5C217CAA82400B254EB /* client.h */; };
		3B4EC5D117CAA82400B254EB /* server.h in Headers */ = {isa = PBXBuildFile; fileRef = 3B4EC5C317CAA82400B254EB /* server.h */; };
		3B4EC5D217CAA82400B254EB /* server.c in Sources */ = {isa = PBXBuildFile; fileRef = 3B4EC5C417CAA82400B254EB /* server.c */; };
		3B4EC60017CAB41C00B254EB /* libot_test.c in Sources */ = {isa = PBXBuildFile; fileRef = 3B4EC5F117CAB30200B254EB /* libot_test.c */; };
		3B4EC60417CAB86600B254EB /* libot.a in Frameworks */ = {isa = PBXBuildFile; fileRef = 3B4EC5A617CAA72400B254EB /* libot.a */; };
		3B4EC60717CAB89B00B254EB /* librope.a in Frameworks */ = {isa = PBXBuildFile; fileRef = 3B4EC5E817CAAA6B00B254EB /* librope.a */; };
		3BD0401E17E7A70A000A7567 /* otdecode.c in Sources */ = {isa = PBXBuildFile; fileRef = 3BD0401D17E7A70A000A7567 /* otdecode.c */; };
		3BDA029D17D92EA90039A78C /* main.c in Sources */ = {isa = PBXBuildFile; fileRef = 3BDA029C17D92EA90039A78C /* main.c */; };
		3BDA02AA17D935120039A78C /* jsmn.c in Sources */ = {isa = PBXBuildFile; fileRef = 3BDA02A417D935120039A78C /* jsmn.c */; };
		3BDA02AB17D935120039A78C /* jsmn.h in Headers */ = {isa = PBXBuildFile; fileRef = 3BDA02A517D935120039A78C /* jsmn.h */; };
		3BE91B5A17E11A610040313D /* otencode.h in Headers */ = {isa = PBXBuildFile; fileRef = 3BE91B5917E11A610040313D /* otencode.h */; };
		3BE91B5C17E11A6D0040313D /* otencode.c in Sources */ = {isa = PBXBuildFile; fileRef = 3BE91B5B17E11A6D0040313D /* otencode.c */; };
		3BE9FEDD17CFEBBF00F8B9F0 /* array.h in Headers */ = {isa = PBXBuildFile; fileRef = 3BE9FEDC17CFEBBF00F8B9F0 /* array.h */; };
		3BE9FEE017CFEBCE00F8B9F0 /* array.c in Sources */ = {isa = PBXBuildFile; fileRef = 3BE9FEDF17CFEBCE00F8B9F0 /* array.c */; };
/* End PBXBuildFile section */

/* Begin PBXContainerItemProxy section */
		3B4EC5E717CAAA6B00B254EB /* PBXContainerItemProxy */ = {
			isa = PBXContainerItemProxy;
			containerPortal = 3B4EC5E217CAAA6B00B254EB /* librope.xcodeproj */;
			proxyType = 2;
			remoteGlobalIDString = FD5D7C2515E1DBAD00F847DF;
			remoteInfo = rope;
		};
		3B4EC5E917CAAA6B00B254EB /* PBXContainerItemProxy */ = {
			isa = PBXContainerItemProxy;
			containerPortal = 3B4EC5E217CAAA6B00B254EB /* librope.xcodeproj */;
			proxyType = 2;
			remoteGlobalIDString = FD5D7C3C15E1DCA100F847DF;
			remoteInfo = tests;
		};
		3B4EC5EB17CAAAED00B254EB /* PBXContainerItemProxy */ = {
			isa = PBXContainerItemProxy;
			containerPortal = 3B4EC5E217CAAA6B00B254EB /* librope.xcodeproj */;
			proxyType = 1;
			remoteGlobalIDString = FD5D7C2415E1DBAD00F847DF;
			remoteInfo = rope;
		};
		3B4EC60517CAB86D00B254EB /* PBXContainerItemProxy */ = {
			isa = PBXContainerItemProxy;
			containerPortal = 3B4EC59E17CAA72400B254EB /* Project object */;
			proxyType = 1;
			remoteGlobalIDString = 3B4EC5A517CAA72400B254EB;
			remoteInfo = ot;
		};
/* End PBXContainerItemProxy section */

/* Begin PBXCopyFilesBuildPhase section */
		3B4EC5F417CAB3AF00B254EB /* CopyFiles */ = {
			isa = PBXCopyFilesBuildPhase;
			buildActionMask = 2147483647;
			dstPath = /usr/share/man/man1/;
			dstSubfolderSpec = 0;
			files = (
			);
			runOnlyForDeploymentPostprocessing = 1;
		};
		3BDA029817D92EA90039A78C /* CopyFiles */ = {
			isa = PBXCopyFilesBuildPhase;
			buildActionMask = 2147483647;
			dstPath = /usr/share/man/man1/;
			dstSubfolderSpec = 0;
			files = (
			);
			runOnlyForDeploymentPostprocessing = 1;
		};
/* End PBXCopyFilesBuildPhase section */

/* Begin PBXFileReference section */
		3B1444FC17ECCEA500A5784D /* cJSON.c */ = {isa = PBXFileReference; fileEncoding = 4; lastKnownFileType = sourcecode.c.c; path = cJSON.c; sourceTree = "<group>"; };
		3B1444FD17ECCEA500A5784D /* cJSON.h */ = {isa = PBXFileReference; fileEncoding = 4; lastKnownFileType = sourcecode.c.h; path = cJSON.h; sourceTree = "<group>"; };
		3B1444FE17ECCEA500A5784D /* test.c */ = {isa = PBXFileReference; fileEncoding = 4; lastKnownFileType = sourcecode.c.c; path = test.c; sourceTree = "<group>"; };
		3B204AB517DFD1D400C9AB99 /* hex.h */ = {isa = PBXFileReference; fileEncoding = 4; lastKnownFileType = sourcecode.c.h; path = hex.h; sourceTree = "<group>"; };
		3B204AB817DFD1DD00C9AB99 /* hex.c */ = {isa = PBXFileReference; fileEncoding = 4; lastKnownFileType = sourcecode.c.c; path = hex.c; sourceTree = "<group>"; };
		3B4EC5A617CAA72400B254EB /* libot.a */ = {isa = PBXFileReference; explicitFileType = archive.ar; includeInIndex = 0; path = libot.a; sourceTree = BUILT_PRODUCTS_DIR; };
		3B4EC5BF17CAA82400B254EB /* ot.h */ = {isa = PBXFileReference; fileEncoding = 4; lastKnownFileType = sourcecode.c.h; path = ot.h; sourceTree = "<group>"; };
		3B4EC5C017CAA82400B254EB /* ot.c */ = {isa = PBXFileReference; fileEncoding = 4; lastKnownFileType = sourcecode.c.c; path = ot.c; sourceTree = "<group>"; };
		3B4EC5C117CAA82400B254EB /* client.c */ = {isa = PBXFileReference; fileEncoding = 4; lastKnownFileType = sourcecode.c.c; path = client.c; sourceTree = "<group>"; };
		3B4EC5C217CAA82400B254EB /* client.h */ = {isa = PBXFileReference; fileEncoding = 4; lastKnownFileType = sourcecode.c.h; path = client.h; sourceTree = "<group>"; };
		3B4EC5C317CAA82400B254EB /* server.h */ = {isa = PBXFileReference; fileEncoding = 4; lastKnownFileType = sourcecode.c.h; path = server.h; sourceTree = "<group>"; };
		3B4EC5C417CAA82400B254EB /* server.c */ = {isa = PBXFileReference; fileEncoding = 4; lastKnownFileType = sourcecode.c.c; path = server.c; sourceTree = "<group>"; };
		3B4EC5E217CAAA6B00B254EB /* librope.xcodeproj */ = {isa = PBXFileReference; lastKnownFileType = "wrapper.pb-project"; name = librope.xcodeproj; path = librope/librope.xcodeproj; sourceTree = "<group>"; };
		3B4EC5F017CAB30200B254EB /* minunit.h */ = {isa = PBXFileReference; lastKnownFileType = sourcecode.c.h; path = minunit.h; sourceTree = "<group>"; };
		3B4EC5F117CAB30200B254EB /* libot_test.c */ = {isa = PBXFileReference; lastKnownFileType = sourcecode.c.c; path = libot_test.c; sourceTree = "<group>"; };
		3B4EC5F617CAB3AF00B254EB /* tests */ = {isa = PBXFileReference; explicitFileType = "compiled.mach-o.executable"; includeInIndex = 0; path = tests; sourceTree = BUILT_PRODUCTS_DIR; };
		3BD0401D17E7A70A000A7567 /* otdecode.c */ = {isa = PBXFileReference; fileEncoding = 4; lastKnownFileType = sourcecode.c.c; path = otdecode.c; sourceTree = "<group>"; };
		3BD0402017E7A717000A7567 /* otdecode.h */ = {isa = PBXFileReference; lastKnownFileType = sourcecode.c.h; path = otdecode.h; sourceTree = "<group>"; };
		3BDA029A17D92EA90039A78C /* cli */ = {isa = PBXFileReference; explicitFileType = "compiled.mach-o.executable"; includeInIndex = 0; path = cli; sourceTree = BUILT_PRODUCTS_DIR; };
		3BDA029C17D92EA90039A78C /* main.c */ = {isa = PBXFileReference; lastKnownFileType = sourcecode.c.c; path = main.c; sourceTree = "<group>"; };
		3BDA02A417D935120039A78C /* jsmn.c */ = {isa = PBXFileReference; fileEncoding = 4; lastKnownFileType = sourcecode.c.c; path = jsmn.c; sourceTree = "<group>"; };
		3BDA02A517D935120039A78C /* jsmn.h */ = {isa = PBXFileReference; fileEncoding = 4; lastKnownFileType = sourcecode.c.h; path = jsmn.h; sourceTree = "<group>"; };
		3BDA02A717D935120039A78C /* LICENSE */ = {isa = PBXFileReference; fileEncoding = 4; lastKnownFileType = text; path = LICENSE; sourceTree = "<group>"; };
		3BDA02A917D935120039A78C /* README */ = {isa = PBXFileReference; fileEncoding = 4; lastKnownFileType = text; path = README; sourceTree = "<group>"; };
		3BE91B5917E11A610040313D /* otencode.h */ = {isa = PBXFileReference; fileEncoding = 4; lastKnownFileType = sourcecode.c.h; path = otencode.h; sourceTree = "<group>"; };
		3BE91B5B17E11A6D0040313D /* otencode.c */ = {isa = PBXFileReference; fileEncoding = 4; lastKnownFileType = sourcecode.c.c; path = otencode.c; sourceTree = "<group>"; };
		3BE9FEDC17CFEBBF00F8B9F0 /* array.h */ = {isa = PBXFileReference; fileEncoding = 4; lastKnownFileType = sourcecode.c.h; path = array.h; sourceTree = "<group>"; };
		3BE9FEDF17CFEBCE00F8B9F0 /* array.c */ = {isa = PBXFileReference; fileEncoding = 4; lastKnownFileType = sourcecode.c.c; path = array.c; sourceTree = "<group>"; };
/* End PBXFileReference section */

/* Begin PBXFrameworksBuildPhase section */
		3B4EC5A317CAA72400B254EB /* Frameworks */ = {
			isa = PBXFrameworksBuildPhase;
			buildActionMask = 2147483647;
			files = (
				3B4EC60717CAB89B00B254EB /* librope.a in Frameworks */,
			);
			runOnlyForDeploymentPostprocessing = 0;
		};
		3B4EC5F317CAB3AF00B254EB /* Frameworks */ = {
			isa = PBXFrameworksBuildPhase;
			buildActionMask = 2147483647;
			files = (
				3B4EC60417CAB86600B254EB /* libot.a in Frameworks */,
			);
			runOnlyForDeploymentPostprocessing = 0;
		};
		3BDA029717D92EA90039A78C /* Frameworks */ = {
			isa = PBXFrameworksBuildPhase;
			buildActionMask = 2147483647;
			files = (
			);
			runOnlyForDeploymentPostprocessing = 0;
		};
/* End PBXFrameworksBuildPhase section */

/* Begin PBXGroup section */
		3B1444FB17ECCEA500A5784D /* cjson */ = {
			isa = PBXGroup;
			children = (
				3B1444FC17ECCEA500A5784D /* cJSON.c */,
				3B1444FD17ECCEA500A5784D /* cJSON.h */,
				3B1444FE17ECCEA500A5784D /* test.c */,
			);
			path = cjson;
			sourceTree = "<group>";
		};
		3B4EC59D17CAA72400B254EB = {
			isa = PBXGroup;
			children = (
				3B4EC5E217CAAA6B00B254EB /* librope.xcodeproj */,
				3BE9FEDF17CFEBCE00F8B9F0 /* array.c */,
				3BE9FEDC17CFEBBF00F8B9F0 /* array.h */,
				3B204AB517DFD1D400C9AB99 /* hex.h */,
				3B204AB817DFD1DD00C9AB99 /* hex.c */,
				3B4EC5BF17CAA82400B254EB /* ot.h */,
				3B4EC5C017CAA82400B254EB /* ot.c */,
				3BD0401D17E7A70A000A7567 /* otdecode.c */,
				3BD0402017E7A717000A7567 /* otdecode.h */,
				3BE91B5B17E11A6D0040313D /* otencode.c */,
				3BE91B5917E11A610040313D /* otencode.h */,
				3B4EC5C117CAA82400B254EB /* client.c */,
				3B4EC5C217CAA82400B254EB /* client.h */,
				3B4EC5C317CAA82400B254EB /* server.h */,
				3B4EC5C417CAA82400B254EB /* server.c */,
				3B1444FB17ECCEA500A5784D /* cjson */,
				3BDA02A317D935120039A78C /* jsmn */,
				3B4EC5EF17CAB30200B254EB /* test */,
				3BDA029B17D92EA90039A78C /* cli */,
				3B4EC5A717CAA72400B254EB /* Products */,
			);
			sourceTree = "<group>";
		};
		3B4EC5A717CAA72400B254EB /* Products */ = {
			isa = PBXGroup;
			children = (
				3B4EC5A617CAA72400B254EB /* libot.a */,
				3B4EC5F617CAB3AF00B254EB /* tests */,
				3BDA029A17D92EA90039A78C /* cli */,
			);
			name = Products;
			sourceTree = "<group>";
		};
		3B4EC5E317CAAA6B00B254EB /* Products */ = {
			isa = PBXGroup;
			children = (
				3B4EC5E817CAAA6B00B254EB /* librope.a */,
				3B4EC5EA17CAAA6B00B254EB /* tests */,
			);
			name = Products;
			sourceTree = "<group>";
		};
		3B4EC5EF17CAB30200B254EB /* test */ = {
			isa = PBXGroup;
			children = (
				3B4EC5F017CAB30200B254EB /* minunit.h */,
				3B4EC5F117CAB30200B254EB /* libot_test.c */,
			);
			path = test;
			sourceTree = "<group>";
		};
		3BDA029B17D92EA90039A78C /* cli */ = {
			isa = PBXGroup;
			children = (
				3BDA029C17D92EA90039A78C /* main.c */,
			);
			path = cli;
			sourceTree = "<group>";
		};
		3BDA02A317D935120039A78C /* jsmn */ = {
			isa = PBXGroup;
			children = (
				3BDA02A417D935120039A78C /* jsmn.c */,
				3BDA02A517D935120039A78C /* jsmn.h */,
				3BDA02A717D935120039A78C /* LICENSE */,
				3BDA02A917D935120039A78C /* README */,
			);
			path = jsmn;
			sourceTree = "<group>";
		};
/* End PBXGroup section */

/* Begin PBXHeadersBuildPhase section */
		3B4EC5A417CAA72400B254EB /* Headers */ = {
			isa = PBXHeadersBuildPhase;
			buildActionMask = 2147483647;
			files = (
				3B204AB617DFD1D400C9AB99 /* hex.h in Headers */,
				3BE91B5A17E11A610040313D /* otencode.h in Headers */,
				3B14450017ECCEA500A5784D /* cJSON.h in Headers */,
				3BDA02AB17D935120039A78C /* jsmn.h in Headers */,
				3BE9FEDD17CFEBBF00F8B9F0 /* array.h in Headers */,
				3B4EC5CD17CAA82400B254EB /* ot.h in Headers */,
				3B4EC5D017CAA82400B254EB /* client.h in Headers */,
				3B4EC5D117CAA82400B254EB /* server.h in Headers */,
			);
			runOnlyForDeploymentPostprocessing = 0;
		};
/* End PBXHeadersBuildPhase section */

/* Begin PBXNativeTarget section */
		3B4EC5A517CAA72400B254EB /* ot */ = {
			isa = PBXNativeTarget;
			buildConfigurationList = 3B4EC5AA17CAA72400B254EB /* Build configuration list for PBXNativeTarget "ot" */;
			buildPhases = (
				3B4EC5A217CAA72400B254EB /* Sources */,
				3B4EC5A317CAA72400B254EB /* Frameworks */,
				3B4EC5A417CAA72400B254EB /* Headers */,
			);
			buildRules = (
			);
			dependencies = (
				3B4EC5EC17CAAAED00B254EB /* PBXTargetDependency */,
			);
			name = ot;
			productName = libot;
			productReference = 3B4EC5A617CAA72400B254EB /* libot.a */;
			productType = "com.apple.product-type.library.static";
		};
		3B4EC5F517CAB3AF00B254EB /* tests */ = {
			isa = PBXNativeTarget;
			buildConfigurationList = 3B4EC5FC17CAB3AF00B254EB /* Build configuration list for PBXNativeTarget "tests" */;
			buildPhases = (
				3B4EC5F217CAB3AF00B254EB /* Sources */,
				3B4EC5F317CAB3AF00B254EB /* Frameworks */,
				3B4EC5F417CAB3AF00B254EB /* CopyFiles */,
			);
			buildRules = (
			);
			dependencies = (
				3B4EC60617CAB86D00B254EB /* PBXTargetDependency */,
			);
			name = tests;
			productName = "libot-test";
			productReference = 3B4EC5F617CAB3AF00B254EB /* tests */;
			productType = "com.apple.product-type.tool";
		};
		3BDA029917D92EA90039A78C /* cli */ = {
			isa = PBXNativeTarget;
			buildConfigurationList = 3BDA02A017D92EA90039A78C /* Build configuration list for PBXNativeTarget "cli" */;
			buildPhases = (
				3BDA029617D92EA90039A78C /* Sources */,
				3BDA029717D92EA90039A78C /* Frameworks */,
				3BDA029817D92EA90039A78C /* CopyFiles */,
			);
			buildRules = (
			);
			dependencies = (
			);
			name = cli;
			productName = cli;
			productReference = 3BDA029A17D92EA90039A78C /* cli */;
			productType = "com.apple.product-type.tool";
		};
/* End PBXNativeTarget section */

/* Begin PBXProject section */
		3B4EC59E17CAA72400B254EB /* Project object */ = {
			isa = PBXProject;
			attributes = {
				LastUpgradeCheck = 0500;
				ORGANIZATIONNAME = Box;
			};
			buildConfigurationList = 3B4EC5A117CAA72400B254EB /* Build configuration list for PBXProject "libot" */;
			compatibilityVersion = "Xcode 3.2";
			developmentRegion = English;
			hasScannedForEncodings = 0;
			knownRegions = (
				en,
			);
			mainGroup = 3B4EC59D17CAA72400B254EB;
			productRefGroup = 3B4EC5A717CAA72400B254EB /* Products */;
			projectDirPath = "";
			projectReferences = (
				{
					ProductGroup = 3B4EC5E317CAAA6B00B254EB /* Products */;
					ProjectRef = 3B4EC5E217CAAA6B00B254EB /* librope.xcodeproj */;
				},
			);
			projectRoot = "";
			targets = (
				3B4EC5A517CAA72400B254EB /* ot */,
				3B4EC5F517CAB3AF00B254EB /* tests */,
				3BDA029917D92EA90039A78C /* cli */,
			);
		};
/* End PBXProject section */

/* Begin PBXReferenceProxy section */
		3B4EC5E817CAAA6B00B254EB /* librope.a */ = {
			isa = PBXReferenceProxy;
			fileType = archive.ar;
			path = librope.a;
			remoteRef = 3B4EC5E717CAAA6B00B254EB /* PBXContainerItemProxy */;
			sourceTree = BUILT_PRODUCTS_DIR;
		};
		3B4EC5EA17CAAA6B00B254EB /* tests */ = {
			isa = PBXReferenceProxy;
			fileType = "compiled.mach-o.executable";
			path = tests;
			remoteRef = 3B4EC5E917CAAA6B00B254EB /* PBXContainerItemProxy */;
			sourceTree = BUILT_PRODUCTS_DIR;
		};
/* End PBXReferenceProxy section */

/* Begin PBXSourcesBuildPhase section */
		3B4EC5A217CAA72400B254EB /* Sources */ = {
			isa = PBXSourcesBuildPhase;
			buildActionMask = 2147483647;
			files = (
				3BE91B5C17E11A6D0040313D /* otencode.c in Sources */,
				3BDA02AA17D935120039A78C /* jsmn.c in Sources */,
				3BD0401E17E7A70A000A7567 /* otdecode.c in Sources */,
				3B1444FF17ECCEA500A5784D /* cJSON.c in Sources */,
				3B4EC5D217CAA82400B254EB /* server.c in Sources */,
				3B14450117ECCEA500A5784D /* test.c in Sources */,
				3B4EC5CF17CAA82400B254EB /* client.c in Sources */,
				3B204AB917DFD1DD00C9AB99 /* hex.c in Sources */,
				3B4EC5CE17CAA82400B254EB /* ot.c in Sources */,
				3BE9FEE017CFEBCE00F8B9F0 /* array.c in Sources */,
			);
			runOnlyForDeploymentPostprocessing = 0;
		};
		3B4EC5F217CAB3AF00B254EB /* Sources */ = {
			isa = PBXSourcesBuildPhase;
			buildActionMask = 2147483647;
			files = (
				3B4EC60017CAB41C00B254EB /* libot_test.c in Sources */,
			);
			runOnlyForDeploymentPostprocessing = 0;
		};
		3BDA029617D92EA90039A78C /* Sources */ = {
			isa = PBXSourcesBuildPhase;
			buildActionMask = 2147483647;
			files = (
				3BDA029D17D92EA90039A78C /* main.c in Sources */,
			);
			runOnlyForDeploymentPostprocessing = 0;
		};
/* End PBXSourcesBuildPhase section */

/* Begin PBXTargetDependency section */
		3B4EC5EC17CAAAED00B254EB /* PBXTargetDependency */ = {
			isa = PBXTargetDependency;
			name = rope;
			targetProxy = 3B4EC5EB17CAAAED00B254EB /* PBXContainerItemProxy */;
		};
		3B4EC60617CAB86D00B254EB /* PBXTargetDependency */ = {
			isa = PBXTargetDependency;
			target = 3B4EC5A517CAA72400B254EB /* ot */;
			targetProxy = 3B4EC60517CAB86D00B254EB /* PBXContainerItemProxy */;
		};
/* End PBXTargetDependency section */

/* Begin XCBuildConfiguration section */
		3B4EC5A817CAA72400B254EB /* Debug */ = {
			isa = XCBuildConfiguration;
			buildSettings = {
				ALWAYS_SEARCH_USER_PATHS = NO;
				CLANG_CXX_LANGUAGE_STANDARD = "gnu++0x";
				CLANG_CXX_LIBRARY = "libc++";
				CLANG_ENABLE_MODULES = YES;
				CLANG_ENABLE_OBJC_ARC = YES;
				CLANG_WARN_BOOL_CONVERSION = YES;
				CLANG_WARN_CONSTANT_CONVERSION = YES;
				CLANG_WARN_DIRECT_OBJC_ISA_USAGE = YES_ERROR;
				CLANG_WARN_EMPTY_BODY = YES;
				CLANG_WARN_ENUM_CONVERSION = YES;
				CLANG_WARN_INT_CONVERSION = YES;
				CLANG_WARN_OBJC_ROOT_CLASS = YES_ERROR;
				CLANG_WARN__DUPLICATE_METHOD_MATCH = YES;
				COPY_PHASE_STRIP = NO;
				GCC_CHAR_IS_UNSIGNED_CHAR = YES;
				GCC_C_LANGUAGE_STANDARD = c99;
				GCC_DYNAMIC_NO_PIC = NO;
				GCC_ENABLE_OBJC_EXCEPTIONS = YES;
				GCC_OPTIMIZATION_LEVEL = 0;
				GCC_PREPROCESSOR_DEFINITIONS = (
					"DEBUG=1",
					"$(inherited)",
				);
				GCC_SYMBOLS_PRIVATE_EXTERN = NO;
				GCC_WARN_64_TO_32_BIT_CONVERSION = YES;
				GCC_WARN_ABOUT_RETURN_TYPE = YES_ERROR;
				GCC_WARN_UNDECLARED_SELECTOR = YES;
				GCC_WARN_UNINITIALIZED_AUTOS = YES;
				GCC_WARN_UNUSED_FUNCTION = YES;
				GCC_WARN_UNUSED_VARIABLE = YES;
				MACOSX_DEPLOYMENT_TARGET = 10.8;
				ONLY_ACTIVE_ARCH = YES;
				SDKROOT = macosx;
			};
			name = Debug;
		};
		3B4EC5A917CAA72400B254EB /* Release */ = {
			isa = XCBuildConfiguration;
			buildSettings = {
				ALWAYS_SEARCH_USER_PATHS = NO;
				CLANG_CXX_LANGUAGE_STANDARD = "gnu++0x";
				CLANG_CXX_LIBRARY = "libc++";
				CLANG_ENABLE_MODULES = YES;
				CLANG_ENABLE_OBJC_ARC = YES;
				CLANG_WARN_BOOL_CONVERSION = YES;
				CLANG_WARN_CONSTANT_CONVERSION = YES;
				CLANG_WARN_DIRECT_OBJC_ISA_USAGE = YES_ERROR;
				CLANG_WARN_EMPTY_BODY = YES;
				CLANG_WARN_ENUM_CONVERSION = YES;
				CLANG_WARN_INT_CONVERSION = YES;
				CLANG_WARN_OBJC_ROOT_CLASS = YES_ERROR;
				CLANG_WARN__DUPLICATE_METHOD_MATCH = YES;
				COPY_PHASE_STRIP = YES;
				DEBUG_INFORMATION_FORMAT = "dwarf-with-dsym";
				ENABLE_NS_ASSERTIONS = NO;
				GCC_CHAR_IS_UNSIGNED_CHAR = YES;
				GCC_C_LANGUAGE_STANDARD = c99;
				GCC_ENABLE_OBJC_EXCEPTIONS = YES;
				GCC_WARN_64_TO_32_BIT_CONVERSION = YES;
				GCC_WARN_ABOUT_RETURN_TYPE = YES_ERROR;
				GCC_WARN_UNDECLARED_SELECTOR = YES;
				GCC_WARN_UNINITIALIZED_AUTOS = YES;
				GCC_WARN_UNUSED_FUNCTION = YES;
				GCC_WARN_UNUSED_VARIABLE = YES;
				MACOSX_DEPLOYMENT_TARGET = 10.8;
				SDKROOT = macosx;
			};
			name = Release;
		};
		3B4EC5AB17CAA72400B254EB /* Debug */ = {
			isa = XCBuildConfiguration;
			buildSettings = {
				EXECUTABLE_PREFIX = lib;
				GCC_WARN_PEDANTIC = YES;
				PRODUCT_NAME = "$(TARGET_NAME)";
			};
			name = Debug;
		};
		3B4EC5AC17CAA72400B254EB /* Release */ = {
			isa = XCBuildConfiguration;
			buildSettings = {
				EXECUTABLE_PREFIX = lib;
				GCC_WARN_PEDANTIC = YES;
				PRODUCT_NAME = "$(TARGET_NAME)";
			};
			name = Release;
		};
		3B4EC5FD17CAB3AF00B254EB /* Debug */ = {
			isa = XCBuildConfiguration;
			buildSettings = {
				GCC_PREPROCESSOR_DEFINITIONS = (
					"DEBUG=1",
					"$(inherited)",
				);
				GCC_WARN_PEDANTIC = YES;
				PRODUCT_NAME = "$(TARGET_NAME)";
			};
			name = Debug;
		};
		3B4EC5FE17CAB3AF00B254EB /* Release */ = {
			isa = XCBuildConfiguration;
			buildSettings = {
				GCC_WARN_PEDANTIC = YES;
				PRODUCT_NAME = "$(TARGET_NAME)";
			};
			name = Release;
		};
		3BDA02A117D92EA90039A78C /* Debug */ = {
			isa = XCBuildConfiguration;
			buildSettings = {
				GCC_PREPROCESSOR_DEFINITIONS = (
					"DEBUG=1",
					"$(inherited)",
				);
				GCC_WARN_PEDANTIC = YES;
				PRODUCT_NAME = "$(TARGET_NAME)";
			};
			name = Debug;
		};
		3BDA02A217D92EA90039A78C /* Release */ = {
			isa = XCBuildConfiguration;
			buildSettings = {
				GCC_WARN_PEDANTIC = YES;
				PRODUCT_NAME = "$(TARGET_NAME)";
			};
			name = Release;
		};
/* End XCBuildConfiguration section */

/* Begin XCConfigurationList section */
		3B4EC5A117CAA72400B254EB /* Build configuration list for PBXProject "libot" */ = {
			isa = XCConfigurationList;
			buildConfigurations = (
				3B4EC5A817CAA72400B254EB /* Debug */,
				3B4EC5A917CAA72400B254EB /* Release */,
			);
			defaultConfigurationIsVisible = 0;
			defaultConfigurationName = Release;
		};
		3B4EC5AA17CAA72400B254EB /* Build configuration list for PBXNativeTarget "ot" */ = {
			isa = XCConfigurationList;
			buildConfigurations = (
				3B4EC5AB17CAA72400B254EB /* Debug */,
				3B4EC5AC17CAA72400B254EB /* Release */,
			);
			defaultConfigurationIsVisible = 0;
			defaultConfigurationName = Release;
		};
		3B4EC5FC17CAB3AF00B254EB /* Build configuration list for PBXNativeTarget "tests" */ = {
			isa = XCConfigurationList;
			buildConfigurations = (
				3B4EC5FD17CAB3AF00B254EB /* Debug */,
				3B4EC5FE17CAB3AF00B254EB /* Release */,
			);
			defaultConfigurationIsVisible = 0;
			defaultConfigurationName = Release;
		};
		3BDA02A017D92EA90039A78C /* Build configuration list for PBXNativeTarget "cli" */ = {
			isa = XCConfigurationList;
			buildConfigurations = (
				3BDA02A117D92EA90039A78C /* Debug */,
				3BDA02A217D92EA90039A78C /* Release */,
			);
			defaultConfigurationIsVisible = 0;
			defaultConfigurationName = Release;
		};
/* End XCConfigurationList section */
	};
	rootObject = 3B4EC59E17CAA72400B254EB /* Project object */;
}
