// !$*UTF8*$!
{
	archiveVersion = 1;
	classes = {
	};
	objectVersion = 46;
	objects = {

/* Begin PBXBuildFile section */
		3B123F3F192B2F1A00AE2D9B /* sha1.c in Sources */ = {isa = PBXBuildFile; fileRef = 3B123F3E192B2F1A00AE2D9B /* sha1.c */; };
		3B123F41192B2F3A00AE2D9B /* sha1.h in Headers */ = {isa = PBXBuildFile; fileRef = 3B123F40192B2F3A00AE2D9B /* sha1.h */; };
		3B12DA06190F29FD0081F568 /* xform.c in Sources */ = {isa = PBXBuildFile; fileRef = 3B12DA05190F29FD0081F568 /* xform.c */; };
		3B1444FF17ECCEA500A5784D /* cJSON.c in Sources */ = {isa = PBXBuildFile; fileRef = 3B1444FC17ECCEA500A5784D /* cJSON.c */; settings = {COMPILER_FLAGS = "-w"; }; };
		3B14450017ECCEA500A5784D /* cJSON.h in Headers */ = {isa = PBXBuildFile; fileRef = 3B1444FD17ECCEA500A5784D /* cJSON.h */; };
		3B14450117ECCEA500A5784D /* test.c in Sources */ = {isa = PBXBuildFile; fileRef = 3B1444FE17ECCEA500A5784D /* test.c */; settings = {COMPILER_FLAGS = "-w"; }; };
		3B204AB617DFD1D400C9AB99 /* hex.h in Headers */ = {isa = PBXBuildFile; fileRef = 3B204AB517DFD1D400C9AB99 /* hex.h */; };
		3B204AB917DFD1DD00C9AB99 /* hex.c in Sources */ = {isa = PBXBuildFile; fileRef = 3B204AB817DFD1DD00C9AB99 /* hex.c */; };
		3B4EC5CD17CAA82400B254EB /* ot.h in Headers */ = {isa = PBXBuildFile; fileRef = 3B4EC5BF17CAA82400B254EB /* ot.h */; };
		3B4EC5CE17CAA82400B254EB /* ot.c in Sources */ = {isa = PBXBuildFile; fileRef = 3B4EC5C017CAA82400B254EB /* ot.c */; };
		3B4EC60017CAB41C00B254EB /* libot_test.c in Sources */ = {isa = PBXBuildFile; fileRef = 3B4EC5F117CAB30200B254EB /* libot_test.c */; };
		3B4EC60417CAB86600B254EB /* libot.a in Frameworks */ = {isa = PBXBuildFile; fileRef = 3B4EC5A617CAA72400B254EB /* libot.a */; };
		3B9A39DD17F12A24008BDDFE /* libot.a in Frameworks */ = {isa = PBXBuildFile; fileRef = 3B4EC5A617CAA72400B254EB /* libot.a */; };
		3BCA65FE190DB35100A21791 /* compose_monkey.c in Sources */ = {isa = PBXBuildFile; fileRef = 3BCA65FD190DB35100A21791 /* compose_monkey.c */; };
		3BD0401E17E7A70A000A7567 /* otdecode.c in Sources */ = {isa = PBXBuildFile; fileRef = 3BD0401D17E7A70A000A7567 /* otdecode.c */; };
		3BDA029D17D92EA90039A78C /* main.c in Sources */ = {isa = PBXBuildFile; fileRef = 3BDA029C17D92EA90039A78C /* main.c */; };
		3BE91B5A17E11A610040313D /* otencode.h in Headers */ = {isa = PBXBuildFile; fileRef = 3BE91B5917E11A610040313D /* otencode.h */; };
		3BE91B5C17E11A6D0040313D /* otencode.c in Sources */ = {isa = PBXBuildFile; fileRef = 3BE91B5B17E11A6D0040313D /* otencode.c */; };
		3BE9FEDD17CFEBBF00F8B9F0 /* array.h in Headers */ = {isa = PBXBuildFile; fileRef = 3BE9FEDC17CFEBBF00F8B9F0 /* array.h */; };
		3BE9FEE017CFEBCE00F8B9F0 /* array.c in Sources */ = {isa = PBXBuildFile; fileRef = 3BE9FEDF17CFEBCE00F8B9F0 /* array.c */; };
		3BEE541A190DB2AF008B55C0 /* libot.a in Frameworks */ = {isa = PBXBuildFile; fileRef = 3B4EC5A617CAA72400B254EB /* libot.a */; };
		3BF0DD3C19175A94000B0E96 /* client.c in Sources */ = {isa = PBXBuildFile; fileRef = 3BF0DD3B19175A94000B0E96 /* client.c */; };
		3BF0DD3F19175E9D000B0E96 /* server.c in Sources */ = {isa = PBXBuildFile; fileRef = 3BF0DD3E19175E9D000B0E96 /* server.c */; };
		3BF921051909F8D8009DD206 /* compose.h in Headers */ = {isa = PBXBuildFile; fileRef = 3BF921041909F8D8009DD206 /* compose.h */; };
		3BF92107190A079B009DD206 /* compose.c in Sources */ = {isa = PBXBuildFile; fileRef = 3BF92106190A079B009DD206 /* compose.c */; };
/* End PBXBuildFile section */

/* Begin PBXContainerItemProxy section */
		3B4EC60517CAB86D00B254EB /* PBXContainerItemProxy */ = {
			isa = PBXContainerItemProxy;
			containerPortal = 3B4EC59E17CAA72400B254EB /* Project object */;
			proxyType = 1;
			remoteGlobalIDString = 3B4EC5A517CAA72400B254EB;
			remoteInfo = ot;
		};
		3B9A39DA17F12A1C008BDDFE /* PBXContainerItemProxy */ = {
			isa = PBXContainerItemProxy;
			containerPortal = 3B4EC59E17CAA72400B254EB /* Project object */;
			proxyType = 1;
			remoteGlobalIDString = 3B4EC5A517CAA72400B254EB;
			remoteInfo = ot;
		};
		3BEE5416190DB2AF008B55C0 /* PBXContainerItemProxy */ = {
			isa = PBXContainerItemProxy;
			containerPortal = 3B4EC59E17CAA72400B254EB /* Project object */;
			proxyType = 1;
			remoteGlobalIDString = 3B4EC5A517CAA72400B254EB;
			remoteInfo = ot;
		};
/* End PBXContainerItemProxy section */

/* Begin PBXCopyFilesBuildPhase section */
		3B4EC5F417CAB3AF00B254EB /* CopyFiles */ = {
			isa = PBXCopyFilesBuildPhase;
			buildActionMask = 2147483647;
			dstPath = /usr/share/man/man1/;
			dstSubfolderSpec = 0;
			files = (
			);
			runOnlyForDeploymentPostprocessing = 1;
		};
		3BDA029817D92EA90039A78C /* CopyFiles */ = {
			isa = PBXCopyFilesBuildPhase;
			buildActionMask = 2147483647;
			dstPath = /usr/share/man/man1/;
			dstSubfolderSpec = 0;
			files = (
			);
			runOnlyForDeploymentPostprocessing = 1;
		};
		3BEE541B190DB2AF008B55C0 /* CopyFiles */ = {
			isa = PBXCopyFilesBuildPhase;
			buildActionMask = 2147483647;
			dstPath = /usr/share/man/man1/;
			dstSubfolderSpec = 0;
			files = (
			);
			runOnlyForDeploymentPostprocessing = 1;
		};
/* End PBXCopyFilesBuildPhase section */

/* Begin PBXFileReference section */
		3B123F3E192B2F1A00AE2D9B /* sha1.c */ = {isa = PBXFileReference; fileEncoding = 4; lastKnownFileType = sourcecode.c.c; path = sha1.c; sourceTree = "<group>"; };
		3B123F40192B2F3A00AE2D9B /* sha1.h */ = {isa = PBXFileReference; fileEncoding = 4; lastKnownFileType = sourcecode.c.h; lineEnding = 0; path = sha1.h; sourceTree = "<group>"; xcLanguageSpecificationIdentifier = xcode.lang.objcpp; };
		3B12DA05190F29FD0081F568 /* xform.c */ = {isa = PBXFileReference; fileEncoding = 4; lastKnownFileType = sourcecode.c.c; lineEnding = 0; path = xform.c; sourceTree = "<group>"; xcLanguageSpecificationIdentifier = xcode.lang.c; };
		3B12DA07190F2A0A0081F568 /* xform.h */ = {isa = PBXFileReference; lastKnownFileType = sourcecode.c.h; path = xform.h; sourceTree = "<group>"; };
		3B1444FC17ECCEA500A5784D /* cJSON.c */ = {isa = PBXFileReference; fileEncoding = 4; lastKnownFileType = sourcecode.c.c; path = cJSON.c; sourceTree = "<group>"; };
		3B1444FD17ECCEA500A5784D /* cJSON.h */ = {isa = PBXFileReference; fileEncoding = 4; lastKnownFileType = sourcecode.c.h; path = cJSON.h; sourceTree = "<group>"; };
		3B1444FE17ECCEA500A5784D /* test.c */ = {isa = PBXFileReference; fileEncoding = 4; lastKnownFileType = sourcecode.c.c; path = test.c; sourceTree = "<group>"; };
		3B204AB517DFD1D400C9AB99 /* hex.h */ = {isa = PBXFileReference; fileEncoding = 4; lastKnownFileType = sourcecode.c.h; path = hex.h; sourceTree = "<group>"; };
		3B204AB817DFD1DD00C9AB99 /* hex.c */ = {isa = PBXFileReference; fileEncoding = 4; lastKnownFileType = sourcecode.c.c; path = hex.c; sourceTree = "<group>"; };
		3B4EC5A617CAA72400B254EB /* libot.a */ = {isa = PBXFileReference; explicitFileType = archive.ar; includeInIndex = 0; path = libot.a; sourceTree = BUILT_PRODUCTS_DIR; };
		3B4EC5BF17CAA82400B254EB /* ot.h */ = {isa = PBXFileReference; fileEncoding = 4; lastKnownFileType = sourcecode.c.h; lineEnding = 0; path = ot.h; sourceTree = "<group>"; xcLanguageSpecificationIdentifier = xcode.lang.objcpp; };
		3B4EC5C017CAA82400B254EB /* ot.c */ = {isa = PBXFileReference; fileEncoding = 4; lastKnownFileType = sourcecode.c.c; lineEnding = 0; path = ot.c; sourceTree = "<group>"; xcLanguageSpecificationIdentifier = xcode.lang.c; };
		3B4EC5F017CAB30200B254EB /* minunit.h */ = {isa = PBXFileReference; lastKnownFileType = sourcecode.c.h; path = minunit.h; sourceTree = "<group>"; };
		3B4EC5F117CAB30200B254EB /* libot_test.c */ = {isa = PBXFileReference; lastKnownFileType = sourcecode.c.c; lineEnding = 0; path = libot_test.c; sourceTree = "<group>"; xcLanguageSpecificationIdentifier = xcode.lang.c; };
		3B4EC5F617CAB3AF00B254EB /* tests */ = {isa = PBXFileReference; explicitFileType = "compiled.mach-o.executable"; includeInIndex = 0; path = tests; sourceTree = BUILT_PRODUCTS_DIR; };
		3BCA65FD190DB35100A21791 /* compose_monkey.c */ = {isa = PBXFileReference; fileEncoding = 4; lastKnownFileType = sourcecode.c.c; lineEnding = 0; path = compose_monkey.c; sourceTree = "<group>"; xcLanguageSpecificationIdentifier = xcode.lang.c; };
		3BD0401D17E7A70A000A7567 /* otdecode.c */ = {isa = PBXFileReference; fileEncoding = 4; lastKnownFileType = sourcecode.c.c; path = otdecode.c; sourceTree = "<group>"; };
		3BD0402017E7A717000A7567 /* otdecode.h */ = {isa = PBXFileReference; lastKnownFileType = sourcecode.c.h; path = otdecode.h; sourceTree = "<group>"; };
		3BDA029A17D92EA90039A78C /* cli */ = {isa = PBXFileReference; explicitFileType = "compiled.mach-o.executable"; includeInIndex = 0; path = cli; sourceTree = BUILT_PRODUCTS_DIR; };
		3BDA029C17D92EA90039A78C /* main.c */ = {isa = PBXFileReference; lastKnownFileType = sourcecode.c.c; lineEnding = 0; path = main.c; sourceTree = "<group>"; xcLanguageSpecificationIdentifier = xcode.lang.c; };
		3BE91B5917E11A610040313D /* otencode.h */ = {isa = PBXFileReference; fileEncoding = 4; lastKnownFileType = sourcecode.c.h; path = otencode.h; sourceTree = "<group>"; };
		3BE91B5B17E11A6D0040313D /* otencode.c */ = {isa = PBXFileReference; fileEncoding = 4; lastKnownFileType = sourcecode.c.c; lineEnding = 0; path = otencode.c; sourceTree = "<group>"; xcLanguageSpecificationIdentifier = xcode.lang.c; };
		3BE9FEDC17CFEBBF00F8B9F0 /* array.h */ = {isa = PBXFileReference; fileEncoding = 4; lastKnownFileType = sourcecode.c.h; path = array.h; sourceTree = "<group>"; };
		3BE9FEDF17CFEBCE00F8B9F0 /* array.c */ = {isa = PBXFileReference; fileEncoding = 4; lastKnownFileType = sourcecode.c.c; path = array.c; sourceTree = "<group>"; };
		3BEE541F190DB2AF008B55C0 /* compose-monkey */ = {isa = PBXFileReference; explicitFileType = "compiled.mach-o.executable"; includeInIndex = 0; path = "compose-monkey"; sourceTree = BUILT_PRODUCTS_DIR; };
		3BF0DD3A19175A8A000B0E96 /* client.h */ = {isa = PBXFileReference; lastKnownFileType = sourcecode.c.h; path = client.h; sourceTree = "<group>"; };
		3BF0DD3B19175A94000B0E96 /* client.c */ = {isa = PBXFileReference; fileEncoding = 4; lastKnownFileType = sourcecode.c.c; path = client.c; sourceTree = "<group>"; };
		3BF0DD3D19175E95000B0E96 /* server.h */ = {isa = PBXFileReference; lastKnownFileType = sourcecode.c.h; path = server.h; sourceTree = "<group>"; };
		3BF0DD3E19175E9D000B0E96 /* server.c */ = {isa = PBXFileReference; fileEncoding = 4; lastKnownFileType = sourcecode.c.c; path = server.c; sourceTree = "<group>"; };
		3BF921041909F8D8009DD206 /* compose.h */ = {isa = PBXFileReference; fileEncoding = 4; lastKnownFileType = sourcecode.c.h; path = compose.h; sourceTree = "<group>"; };
		3BF92106190A079B009DD206 /* compose.c */ = {isa = PBXFileReference; fileEncoding = 4; lastKnownFileType = sourcecode.c.c; lineEnding = 0; path = compose.c; sourceTree = "<group>"; xcLanguageSpecificationIdentifier = xcode.lang.c; };
/* End PBXFileReference section */

/* Begin PBXFrameworksBuildPhase section */
		3B4EC5A317CAA72400B254EB /* Frameworks */ = {
			isa = PBXFrameworksBuildPhase;
			buildActionMask = 2147483647;
			files = (
			);
			runOnlyForDeploymentPostprocessing = 0;
		};
		3B4EC5F317CAB3AF00B254EB /* Frameworks */ = {
			isa = PBXFrameworksBuildPhase;
			buildActionMask = 2147483647;
			files = (
				3B4EC60417CAB86600B254EB /* libot.a in Frameworks */,
			);
			runOnlyForDeploymentPostprocessing = 0;
		};
		3BDA029717D92EA90039A78C /* Frameworks */ = {
			isa = PBXFrameworksBuildPhase;
			buildActionMask = 2147483647;
			files = (
				3B9A39DD17F12A24008BDDFE /* libot.a in Frameworks */,
			);
			runOnlyForDeploymentPostprocessing = 0;
		};
		3BEE5419190DB2AF008B55C0 /* Frameworks */ = {
			isa = PBXFrameworksBuildPhase;
			buildActionMask = 2147483647;
			files = (
				3BEE541A190DB2AF008B55C0 /* libot.a in Frameworks */,
			);
			runOnlyForDeploymentPostprocessing = 0;
		};
/* End PBXFrameworksBuildPhase section */

/* Begin PBXGroup section */
		3B1444FB17ECCEA500A5784D /* cjson */ = {
			isa = PBXGroup;
			children = (
				3B1444FC17ECCEA500A5784D /* cJSON.c */,
				3B1444FD17ECCEA500A5784D /* cJSON.h */,
				3B1444FE17ECCEA500A5784D /* test.c */,
			);
			path = cjson;
			sourceTree = "<group>";
		};
		3B4EC59D17CAA72400B254EB = {
			isa = PBXGroup;
			children = (
				3BE9FEDF17CFEBCE00F8B9F0 /* array.c */,
				3BF0DD3B19175A94000B0E96 /* client.c */,
				3BF92106190A079B009DD206 /* compose.c */,
				3B204AB817DFD1DD00C9AB99 /* hex.c */,
				3B4EC5C017CAA82400B254EB /* ot.c */,
				3BD0401D17E7A70A000A7567 /* otdecode.c */,
				3BE91B5B17E11A6D0040313D /* otencode.c */,
				3BF0DD3E19175E9D000B0E96 /* server.c */,
				3B123F3E192B2F1A00AE2D9B /* sha1.c */,
				3B12DA05190F29FD0081F568 /* xform.c */,
				3BE9FEDC17CFEBBF00F8B9F0 /* array.h */,
				3BF0DD3A19175A8A000B0E96 /* client.h */,
				3BF921041909F8D8009DD206 /* compose.h */,
				3B204AB517DFD1D400C9AB99 /* hex.h */,
				3B4EC5BF17CAA82400B254EB /* ot.h */,
				3BD0402017E7A717000A7567 /* otdecode.h */,
				3BE91B5917E11A610040313D /* otencode.h */,
				3BF0DD3D19175E95000B0E96 /* server.h */,
				3B123F40192B2F3A00AE2D9B /* sha1.h */,
				3B12DA07190F2A0A0081F568 /* xform.h */,
				3B1444FB17ECCEA500A5784D /* cjson */,
				3BDA029B17D92EA90039A78C /* cli */,
				3B4EC5A717CAA72400B254EB /* Products */,
				3B4EC5EF17CAB30200B254EB /* test */,
			);
			sourceTree = "<group>";
		};
		3B4EC5A717CAA72400B254EB /* Products */ = {
			isa = PBXGroup;
			children = (
				3B4EC5A617CAA72400B254EB /* libot.a */,
				3B4EC5F617CAB3AF00B254EB /* tests */,
				3BDA029A17D92EA90039A78C /* cli */,
				3BEE541F190DB2AF008B55C0 /* compose-monkey */,
			);
			name = Products;
			sourceTree = "<group>";
		};
		3B4EC5EF17CAB30200B254EB /* test */ = {
			isa = PBXGroup;
			children = (
				3B4EC5F017CAB30200B254EB /* minunit.h */,
				3B4EC5F117CAB30200B254EB /* libot_test.c */,
				3BCA65FD190DB35100A21791 /* compose_monkey.c */,
			);
			path = test;
			sourceTree = "<group>";
		};
		3BDA029B17D92EA90039A78C /* cli */ = {
			isa = PBXGroup;
			children = (
				3BDA029C17D92EA90039A78C /* main.c */,
			);
			path = cli;
			sourceTree = "<group>";
		};
/* End PBXGroup section */

/* Begin PBXHeadersBuildPhase section */
		3B4EC5A417CAA72400B254EB /* Headers */ = {
			isa = PBXHeadersBuildPhase;
			buildActionMask = 2147483647;
			files = (
				3B204AB617DFD1D400C9AB99 /* hex.h in Headers */,
				3BE91B5A17E11A610040313D /* otencode.h in Headers */,
				3B14450017ECCEA500A5784D /* cJSON.h in Headers */,
				3BE9FEDD17CFEBBF00F8B9F0 /* array.h in Headers */,
				3B123F41192B2F3A00AE2D9B /* sha1.h in Headers */,
				3B4EC5CD17CAA82400B254EB /* ot.h in Headers */,
				3BF921051909F8D8009DD206 /* compose.h in Headers */,
			);
			runOnlyForDeploymentPostprocessing = 0;
		};
/* End PBXHeadersBuildPhase section */

/* Begin PBXNativeTarget section */
		3B4EC5A517CAA72400B254EB /* ot */ = {
			isa = PBXNativeTarget;
			buildConfigurationList = 3B4EC5AA17CAA72400B254EB /* Build configuration list for PBXNativeTarget "ot" */;
			buildPhases = (
				3B4EC5A217CAA72400B254EB /* Sources */,
				3B4EC5A317CAA72400B254EB /* Frameworks */,
				3B4EC5A417CAA72400B254EB /* Headers */,
			);
			buildRules = (
			);
			dependencies = (
			);
			name = ot;
			productName = libot;
			productReference = 3B4EC5A617CAA72400B254EB /* libot.a */;
			productType = "com.apple.product-type.library.static";
		};
		3B4EC5F517CAB3AF00B254EB /* tests */ = {
			isa = PBXNativeTarget;
			buildConfigurationList = 3B4EC5FC17CAB3AF00B254EB /* Build configuration list for PBXNativeTarget "tests" */;
			buildPhases = (
				3B4EC5F217CAB3AF00B254EB /* Sources */,
				3B4EC5F317CAB3AF00B254EB /* Frameworks */,
				3B4EC5F417CAB3AF00B254EB /* CopyFiles */,
			);
			buildRules = (
			);
			dependencies = (
				3B4EC60617CAB86D00B254EB /* PBXTargetDependency */,
			);
			name = tests;
			productName = "libot-test";
			productReference = 3B4EC5F617CAB3AF00B254EB /* tests */;
			productType = "com.apple.product-type.tool";
		};
		3BDA029917D92EA90039A78C /* cli */ = {
			isa = PBXNativeTarget;
			buildConfigurationList = 3BDA02A017D92EA90039A78C /* Build configuration list for PBXNativeTarget "cli" */;
			buildPhases = (
				3BDA029617D92EA90039A78C /* Sources */,
				3BDA029717D92EA90039A78C /* Frameworks */,
				3BDA029817D92EA90039A78C /* CopyFiles */,
			);
			buildRules = (
			);
			dependencies = (
				3B9A39DB17F12A1C008BDDFE /* PBXTargetDependency */,
			);
			name = cli;
			productName = cli;
			productReference = 3BDA029A17D92EA90039A78C /* cli */;
			productType = "com.apple.product-type.tool";
		};
		3BEE5414190DB2AF008B55C0 /* compose-monkey */ = {
			isa = PBXNativeTarget;
			buildConfigurationList = 3BEE541C190DB2AF008B55C0 /* Build configuration list for PBXNativeTarget "compose-monkey" */;
			buildPhases = (
				3BEE5417190DB2AF008B55C0 /* Sources */,
				3BEE5419190DB2AF008B55C0 /* Frameworks */,
				3BEE541B190DB2AF008B55C0 /* CopyFiles */,
			);
			buildRules = (
			);
			dependencies = (
				3BEE5415190DB2AF008B55C0 /* PBXTargetDependency */,
			);
			name = "compose-monkey";
			productName = cli;
			productReference = 3BEE541F190DB2AF008B55C0 /* compose-monkey */;
			productType = "com.apple.product-type.tool";
		};
/* End PBXNativeTarget section */

/* Begin PBXProject section */
		3B4EC59E17CAA72400B254EB /* Project object */ = {
			isa = PBXProject;
			attributes = {
				LastUpgradeCheck = 0500;
				ORGANIZATIONNAME = Box;
			};
			buildConfigurationList = 3B4EC5A117CAA72400B254EB /* Build configuration list for PBXProject "libot" */;
			compatibilityVersion = "Xcode 3.2";
			developmentRegion = English;
			hasScannedForEncodings = 0;
			knownRegions = (
				en,
			);
			mainGroup = 3B4EC59D17CAA72400B254EB;
			productRefGroup = 3B4EC5A717CAA72400B254EB /* Products */;
			projectDirPath = "";
			projectRoot = "";
			targets = (
				3B4EC5A517CAA72400B254EB /* ot */,
				3B4EC5F517CAB3AF00B254EB /* tests */,
				3BDA029917D92EA90039A78C /* cli */,
				3BEE5414190DB2AF008B55C0 /* compose-monkey */,
			);
		};
/* End PBXProject section */

/* Begin PBXSourcesBuildPhase section */
		3B4EC5A217CAA72400B254EB /* Sources */ = {
			isa = PBXSourcesBuildPhase;
			buildActionMask = 2147483647;
			files = (
				3B123F3F192B2F1A00AE2D9B /* sha1.c in Sources */,
				3BF0DD3F19175E9D000B0E96 /* server.c in Sources */,
				3B12DA06190F29FD0081F568 /* xform.c in Sources */,
				3BE91B5C17E11A6D0040313D /* otencode.c in Sources */,
				3BD0401E17E7A70A000A7567 /* otdecode.c in Sources */,
				3B1444FF17ECCEA500A5784D /* cJSON.c in Sources */,
				3B14450117ECCEA500A5784D /* test.c in Sources */,
				3BF92107190A079B009DD206 /* compose.c in Sources */,
				3B204AB917DFD1DD00C9AB99 /* hex.c in Sources */,
				3B4EC5CE17CAA82400B254EB /* ot.c in Sources */,
				3BF0DD3C19175A94000B0E96 /* client.c in Sources */,
				3BE9FEE017CFEBCE00F8B9F0 /* array.c in Sources */,
			);
			runOnlyForDeploymentPostprocessing = 0;
		};
		3B4EC5F217CAB3AF00B254EB /* Sources */ = {
			isa = PBXSourcesBuildPhase;
			buildActionMask = 2147483647;
			files = (
				3B4EC60017CAB41C00B254EB /* libot_test.c in Sources */,
			);
			runOnlyForDeploymentPostprocessing = 0;
		};
		3BDA029617D92EA90039A78C /* Sources */ = {
			isa = PBXSourcesBuildPhase;
			buildActionMask = 2147483647;
			files = (
				3BDA029D17D92EA90039A78C /* main.c in Sources */,
			);
			runOnlyForDeploymentPostprocessing = 0;
		};
		3BEE5417190DB2AF008B55C0 /* Sources */ = {
			isa = PBXSourcesBuildPhase;
			buildActionMask = 2147483647;
			files = (
				3BCA65FE190DB35100A21791 /* compose_monkey.c in Sources */,
			);
			runOnlyForDeploymentPostprocessing = 0;
		};
/* End PBXSourcesBuildPhase section */

/* Begin PBXTargetDependency section */
		3B4EC60617CAB86D00B254EB /* PBXTargetDependency */ = {
			isa = PBXTargetDependency;
			target = 3B4EC5A517CAA72400B254EB /* ot */;
			targetProxy = 3B4EC60517CAB86D00B254EB /* PBXContainerItemProxy */;
		};
		3B9A39DB17F12A1C008BDDFE /* PBXTargetDependency */ = {
			isa = PBXTargetDependency;
			target = 3B4EC5A517CAA72400B254EB /* ot */;
			targetProxy = 3B9A39DA17F12A1C008BDDFE /* PBXContainerItemProxy */;
		};
		3BEE5415190DB2AF008B55C0 /* PBXTargetDependency */ = {
			isa = PBXTargetDependency;
			target = 3B4EC5A517CAA72400B254EB /* ot */;
			targetProxy = 3BEE5416190DB2AF008B55C0 /* PBXContainerItemProxy */;
		};
/* End PBXTargetDependency section */

/* Begin XCBuildConfiguration section */
		3B4EC5A817CAA72400B254EB /* Debug */ = {
			isa = XCBuildConfiguration;
			buildSettings = {
				ALWAYS_SEARCH_USER_PATHS = NO;
				CLANG_CXX_LANGUAGE_STANDARD = "gnu++0x";
				CLANG_CXX_LIBRARY = "libc++";
				CLANG_ENABLE_MODULES = YES;
				CLANG_ENABLE_OBJC_ARC = YES;
				CLANG_WARN_BOOL_CONVERSION = YES;
				CLANG_WARN_CONSTANT_CONVERSION = YES;
				CLANG_WARN_DIRECT_OBJC_ISA_USAGE = YES_ERROR;
				CLANG_WARN_EMPTY_BODY = YES;
				CLANG_WARN_ENUM_CONVERSION = YES;
				CLANG_WARN_IMPLICIT_SIGN_CONVERSION = YES;
				CLANG_WARN_INT_CONVERSION = YES;
				CLANG_WARN_OBJC_ROOT_CLASS = YES_ERROR;
				CLANG_WARN_SUSPICIOUS_IMPLICIT_CONVERSION = YES;
				CLANG_WARN__DUPLICATE_METHOD_MATCH = YES;
				COPY_PHASE_STRIP = NO;
				GCC_CHAR_IS_UNSIGNED_CHAR = YES;
				GCC_C_LANGUAGE_STANDARD = c99;
				GCC_DYNAMIC_NO_PIC = NO;
				GCC_ENABLE_OBJC_EXCEPTIONS = YES;
				GCC_OPTIMIZATION_LEVEL = 0;
				GCC_PREPROCESSOR_DEFINITIONS = (
					"DEBUG=1",
					"$(inherited)",
				);
				GCC_SYMBOLS_PRIVATE_EXTERN = NO;
				GCC_TREAT_IMPLICIT_FUNCTION_DECLARATIONS_AS_ERRORS = YES;
				GCC_TREAT_INCOMPATIBLE_POINTER_TYPE_WARNINGS_AS_ERRORS = YES;
				GCC_TREAT_WARNINGS_AS_ERRORS = YES;
				GCC_WARN_64_TO_32_BIT_CONVERSION = YES;
				GCC_WARN_ABOUT_MISSING_FIELD_INITIALIZERS = YES;
				GCC_WARN_ABOUT_MISSING_NEWLINE = YES;
				GCC_WARN_ABOUT_MISSING_PROTOTYPES = YES;
				GCC_WARN_ABOUT_RETURN_TYPE = YES_ERROR;
				GCC_WARN_INITIALIZER_NOT_FULLY_BRACKETED = YES;
				GCC_WARN_PEDANTIC = YES;
				GCC_WARN_SHADOW = YES;
				GCC_WARN_SIGN_COMPARE = YES;
				GCC_WARN_UNDECLARED_SELECTOR = YES;
				GCC_WARN_UNINITIALIZED_AUTOS = YES;
				GCC_WARN_UNKNOWN_PRAGMAS = YES;
				GCC_WARN_UNUSED_FUNCTION = YES;
				GCC_WARN_UNUSED_LABEL = YES;
				GCC_WARN_UNUSED_PARAMETER = YES;
				GCC_WARN_UNUSED_VARIABLE = YES;
				MACOSX_DEPLOYMENT_TARGET = 10.8;
				ONLY_ACTIVE_ARCH = YES;
			};
			name = Debug;
		};
		3B4EC5A917CAA72400B254EB /* Release */ = {
			isa = XCBuildConfiguration;
			buildSettings = {
				ALWAYS_SEARCH_USER_PATHS = NO;
				CLANG_CXX_LANGUAGE_STANDARD = "gnu++0x";
				CLANG_CXX_LIBRARY = "libc++";
				CLANG_ENABLE_MODULES = YES;
				CLANG_ENABLE_OBJC_ARC = YES;
				CLANG_WARN_BOOL_CONVERSION = YES;
				CLANG_WARN_CONSTANT_CONVERSION = YES;
				CLANG_WARN_DIRECT_OBJC_ISA_USAGE = YES_ERROR;
				CLANG_WARN_EMPTY_BODY = YES;
				CLANG_WARN_ENUM_CONVERSION = YES;
				CLANG_WARN_IMPLICIT_SIGN_CONVERSION = YES;
				CLANG_WARN_INT_CONVERSION = YES;
				CLANG_WARN_OBJC_ROOT_CLASS = YES_ERROR;
				CLANG_WARN_SUSPICIOUS_IMPLICIT_CONVERSION = YES;
				CLANG_WARN__DUPLICATE_METHOD_MATCH = YES;
				COPY_PHASE_STRIP = YES;
				DEBUG_INFORMATION_FORMAT = "dwarf-with-dsym";
				ENABLE_NS_ASSERTIONS = NO;
				GCC_CHAR_IS_UNSIGNED_CHAR = YES;
				GCC_C_LANGUAGE_STANDARD = c99;
				GCC_ENABLE_OBJC_EXCEPTIONS = YES;
				GCC_TREAT_IMPLICIT_FUNCTION_DECLARATIONS_AS_ERRORS = YES;
				GCC_TREAT_INCOMPATIBLE_POINTER_TYPE_WARNINGS_AS_ERRORS = YES;
				GCC_TREAT_WARNINGS_AS_ERRORS = YES;
				GCC_WARN_64_TO_32_BIT_CONVERSION = YES;
				GCC_WARN_ABOUT_MISSING_FIELD_INITIALIZERS = YES;
				GCC_WARN_ABOUT_MISSING_NEWLINE = YES;
				GCC_WARN_ABOUT_MISSING_PROTOTYPES = YES;
				GCC_WARN_ABOUT_RETURN_TYPE = YES_ERROR;
				GCC_WARN_INITIALIZER_NOT_FULLY_BRACKETED = YES;
				GCC_WARN_PEDANTIC = YES;
				GCC_WARN_SHADOW = YES;
				GCC_WARN_SIGN_COMPARE = YES;
				GCC_WARN_UNDECLARED_SELECTOR = YES;
				GCC_WARN_UNINITIALIZED_AUTOS = YES;
				GCC_WARN_UNKNOWN_PRAGMAS = YES;
				GCC_WARN_UNUSED_FUNCTION = YES;
				GCC_WARN_UNUSED_LABEL = YES;
				GCC_WARN_UNUSED_PARAMETER = YES;
				GCC_WARN_UNUSED_VARIABLE = YES;
				MACOSX_DEPLOYMENT_TARGET = 10.8;
			};
			name = Release;
		};
		3B4EC5AB17CAA72400B254EB /* Debug */ = {
			isa = XCBuildConfiguration;
			buildSettings = {
				EXECUTABLE_PREFIX = lib;
				PRODUCT_NAME = "$(TARGET_NAME)";
			};
			name = Debug;
		};
		3B4EC5AC17CAA72400B254EB /* Release */ = {
			isa = XCBuildConfiguration;
			buildSettings = {
				EXECUTABLE_PREFIX = lib;
				PRODUCT_NAME = "$(TARGET_NAME)";
			};
			name = Release;
		};
		3B4EC5FD17CAB3AF00B254EB /* Debug */ = {
			isa = XCBuildConfiguration;
			buildSettings = {
				GCC_PREPROCESSOR_DEFINITIONS = (
					"DEBUG=1",
					"$(inherited)",
				);
				PRODUCT_NAME = "$(TARGET_NAME)";
			};
			name = Debug;
		};
		3B4EC5FE17CAB3AF00B254EB /* Release */ = {
			isa = XCBuildConfiguration;
			buildSettings = {
				PRODUCT_NAME = "$(TARGET_NAME)";
			};
			name = Release;
		};
		3BDA02A117D92EA90039A78C /* Debug */ = {
			isa = XCBuildConfiguration;
			buildSettings = {
				GCC_PREPROCESSOR_DEFINITIONS = (
					"DEBUG=1",
					"$(inherited)",
				);
				PRODUCT_NAME = "$(TARGET_NAME)";
			};
			name = Debug;
		};
		3BDA02A217D92EA90039A78C /* Release */ = {
			isa = XCBuildConfiguration;
			buildSettings = {
				PRODUCT_NAME = "$(TARGET_NAME)";
			};
			name = Release;
		};
		3BEE541D190DB2AF008B55C0 /* Debug */ = {
			isa = XCBuildConfiguration;
			buildSettings = {
				GCC_PREPROCESSOR_DEFINITIONS = (
					"DEBUG=1",
					"$(inherited)",
				);
				PRODUCT_NAME = "compose-monkey";
			};
			name = Debug;
		};
		3BEE541E190DB2AF008B55C0 /* Release */ = {
			isa = XCBuildConfiguration;
			buildSettings = {
				PRODUCT_NAME = "compose-monkey";
			};
			name = Release;
		};
/* End XCBuildConfiguration section */

/* Begin XCConfigurationList section */
		3B4EC5A117CAA72400B254EB /* Build configuration list for PBXProject "libot" */ = {
			isa = XCConfigurationList;
			buildConfigurations = (
				3B4EC5A817CAA72400B254EB /* Debug */,
				3B4EC5A917CAA72400B254EB /* Release */,
			);
			defaultConfigurationIsVisible = 0;
			defaultConfigurationName = Release;
		};
		3B4EC5AA17CAA72400B254EB /* Build configuration list for PBXNativeTarget "ot" */ = {
			isa = XCConfigurationList;
			buildConfigurations = (
				3B4EC5AB17CAA72400B254EB /* Debug */,
				3B4EC5AC17CAA72400B254EB /* Release */,
			);
			defaultConfigurationIsVisible = 0;
			defaultConfigurationName = Release;
		};
		3B4EC5FC17CAB3AF00B254EB /* Build configuration list for PBXNativeTarget "tests" */ = {
			isa = XCConfigurationList;
			buildConfigurations = (
				3B4EC5FD17CAB3AF00B254EB /* Debug */,
				3B4EC5FE17CAB3AF00B254EB /* Release */,
			);
			defaultConfigurationIsVisible = 0;
			defaultConfigurationName = Release;
		};
		3BDA02A017D92EA90039A78C /* Build configuration list for PBXNativeTarget "cli" */ = {
			isa = XCConfigurationList;
			buildConfigurations = (
				3BDA02A117D92EA90039A78C /* Debug */,
				3BDA02A217D92EA90039A78C /* Release */,
			);
			defaultConfigurationIsVisible = 0;
			defaultConfigurationName = Release;
		};
		3BEE541C190DB2AF008B55C0 /* Build configuration list for PBXNativeTarget "compose-monkey" */ = {
			isa = XCConfigurationList;
			buildConfigurations = (
				3BEE541D190DB2AF008B55C0 /* Debug */,
				3BEE541E190DB2AF008B55C0 /* Release */,
			);
			defaultConfigurationIsVisible = 0;
			defaultConfigurationName = Release;
		};
/* End XCConfigurationList section */
	};
	rootObject = 3B4EC59E17CAA72400B254EB /* Project object */;
}
